// !$*UTF8*$!
{
	archiveVersion = 1;
	classes = {
	};
	objectVersion = 46;
	objects = {

/* Begin PBXBuildFile section */
		7C52CF331C73283B009EF975 /* AppDelegate.swift in Sources */ = {isa = PBXBuildFile; fileRef = 7C52CF321C73283B009EF975 /* AppDelegate.swift */; };
		7C52CF351C73283B009EF975 /* ViewController.swift in Sources */ = {isa = PBXBuildFile; fileRef = 7C52CF341C73283B009EF975 /* ViewController.swift */; };
		7C52CF381C73283B009EF975 /* Main.storyboard in Resources */ = {isa = PBXBuildFile; fileRef = 7C52CF361C73283B009EF975 /* Main.storyboard */; };
		7C52CF3A1C73283B009EF975 /* Assets.xcassets in Resources */ = {isa = PBXBuildFile; fileRef = 7C52CF391C73283B009EF975 /* Assets.xcassets */; };
		7C52CF3D1C73283B009EF975 /* LaunchScreen.storyboard in Resources */ = {isa = PBXBuildFile; fileRef = 7C52CF3B1C73283B009EF975 /* LaunchScreen.storyboard */; };
		7C52CF481C73283C009EF975 /* PersistDataTests.swift in Sources */ = {isa = PBXBuildFile; fileRef = 7C52CF471C73283C009EF975 /* PersistDataTests.swift */; };
		7C52CF531C73283C009EF975 /* PersistDataUITests.swift in Sources */ = {isa = PBXBuildFile; fileRef = 7C52CF521C73283C009EF975 /* PersistDataUITests.swift */; };
		7C52CF621C7329BB009EF975 /* Meal.swift in Sources */ = {isa = PBXBuildFile; fileRef = 7C52CF611C7329BB009EF975 /* Meal.swift */; };
/* End PBXBuildFile section */

/* Begin PBXContainerItemProxy section */
		7C52CF441C73283C009EF975 /* PBXContainerItemProxy */ = {
			isa = PBXContainerItemProxy;
			containerPortal = 7C52CF271C73283B009EF975 /* Project object */;
			proxyType = 1;
			remoteGlobalIDString = 7C52CF2E1C73283B009EF975;
			remoteInfo = PersistData;
		};
		7C52CF4F1C73283C009EF975 /* PBXContainerItemProxy */ = {
			isa = PBXContainerItemProxy;
			containerPortal = 7C52CF271C73283B009EF975 /* Project object */;
			proxyType = 1;
			remoteGlobalIDString = 7C52CF2E1C73283B009EF975;
			remoteInfo = PersistData;
		};
/* End PBXContainerItemProxy section */

/* Begin PBXFileReference section */
		7C52CF2F1C73283B009EF975 /* PersistData.app */ = {isa = PBXFileReference; explicitFileType = wrapper.application; includeInIndex = 0; path = PersistData.app; sourceTree = BUILT_PRODUCTS_DIR; };
		7C52CF321C73283B009EF975 /* AppDelegate.swift */ = {isa = PBXFileReference; lastKnownFileType = sourcecode.swift; path = AppDelegate.swift; sourceTree = "<group>"; };
		7C52CF341C73283B009EF975 /* ViewController.swift */ = {isa = PBXFileReference; lastKnownFileType = sourcecode.swift; path = ViewController.swift; sourceTree = "<group>"; };
		7C52CF371C73283B009EF975 /* Base */ = {isa = PBXFileReference; lastKnownFileType = file.storyboard; name = Base; path = Base.lproj/Main.storyboard; sourceTree = "<group>"; };
		7C52CF391C73283B009EF975 /* Assets.xcassets */ = {isa = PBXFileReference; lastKnownFileType = folder.assetcatalog; path = Assets.xcassets; sourceTree = "<group>"; };
		7C52CF3C1C73283B009EF975 /* Base */ = {isa = PBXFileReference; lastKnownFileType = file.storyboard; name = Base; path = Base.lproj/LaunchScreen.storyboard; sourceTree = "<group>"; };
		7C52CF3E1C73283B009EF975 /* Info.plist */ = {isa = PBXFileReference; lastKnownFileType = text.plist.xml; path = Info.plist; sourceTree = "<group>"; };
		7C52CF431C73283C009EF975 /* PersistDataTests.xctest */ = {isa = PBXFileReference; explicitFileType = wrapper.cfbundle; includeInIndex = 0; path = PersistDataTests.xctest; sourceTree = BUILT_PRODUCTS_DIR; };
		7C52CF471C73283C009EF975 /* PersistDataTests.swift */ = {isa = PBXFileReference; lastKnownFileType = sourcecode.swift; path = PersistDataTests.swift; sourceTree = "<group>"; };
		7C52CF491C73283C009EF975 /* Info.plist */ = {isa = PBXFileReference; lastKnownFileType = text.plist.xml; path = Info.plist; sourceTree = "<group>"; };
		7C52CF4E1C73283C009EF975 /* PersistDataUITests.xctest */ = {isa = PBXFileReference; explicitFileType = wrapper.cfbundle; includeInIndex = 0; path = PersistDataUITests.xctest; sourceTree = BUILT_PRODUCTS_DIR; };
		7C52CF521C73283C009EF975 /* PersistDataUITests.swift */ = {isa = PBXFileReference; lastKnownFileType = sourcecode.swift; path = PersistDataUITests.swift; sourceTree = "<group>"; };
		7C52CF541C73283C009EF975 /* Info.plist */ = {isa = PBXFileReference; lastKnownFileType = text.plist.xml; path = Info.plist; sourceTree = "<group>"; };
		7C52CF611C7329BB009EF975 /* Meal.swift */ = {isa = PBXFileReference; fileEncoding = 4; lastKnownFileType = sourcecode.swift; path = Meal.swift; sourceTree = "<group>"; };
/* End PBXFileReference section */

/* Begin PBXFrameworksBuildPhase section */
		7C52CF2C1C73283B009EF975 /* Frameworks */ = {
			isa = PBXFrameworksBuildPhase;
			buildActionMask = 2147483647;
			files = (
			);
			runOnlyForDeploymentPostprocessing = 0;
		};
		7C52CF401C73283C009EF975 /* Frameworks */ = {
			isa = PBXFrameworksBuildPhase;
			buildActionMask = 2147483647;
			files = (
			);
			runOnlyForDeploymentPostprocessing = 0;
		};
		7C52CF4B1C73283C009EF975 /* Frameworks */ = {
			isa = PBXFrameworksBuildPhase;
			buildActionMask = 2147483647;
			files = (
			);
			runOnlyForDeploymentPostprocessing = 0;
		};
/* End PBXFrameworksBuildPhase section */

/* Begin PBXGroup section */
		7C52CF261C73283B009EF975 = {
			isa = PBXGroup;
			children = (
				7C52CF311C73283B009EF975 /* PersistData */,
				7C52CF461C73283C009EF975 /* PersistDataTests */,
				7C52CF511C73283C009EF975 /* PersistDataUITests */,
				7C52CF301C73283B009EF975 /* Products */,
			);
			sourceTree = "<group>";
		};
		7C52CF301C73283B009EF975 /* Products */ = {
			isa = PBXGroup;
			children = (
				7C52CF2F1C73283B009EF975 /* PersistData.app */,
				7C52CF431C73283C009EF975 /* PersistDataTests.xctest */,
				7C52CF4E1C73283C009EF975 /* PersistDataUITests.xctest */,
			);
			name = Products;
			sourceTree = "<group>";
		};
		7C52CF311C73283B009EF975 /* PersistData */ = {
			isa = PBXGroup;
			children = (
				7C52CF601C732999009EF975 /* Data */,
				7C52CF321C73283B009EF975 /* AppDelegate.swift */,
				7C52CF341C73283B009EF975 /* ViewController.swift */,
				7C52CF361C73283B009EF975 /* Main.storyboard */,
				7C52CF391C73283B009EF975 /* Assets.xcassets */,
				7C52CF3B1C73283B009EF975 /* LaunchScreen.storyboard */,
				7C52CF3E1C73283B009EF975 /* Info.plist */,
			);
			path = PersistData;
			sourceTree = "<group>";
		};
		7C52CF461C73283C009EF975 /* PersistDataTests */ = {
			isa = PBXGroup;
			children = (
				7C52CF471C73283C009EF975 /* PersistDataTests.swift */,
				7C52CF491C73283C009EF975 /* Info.plist */,
			);
			path = PersistDataTests;
			sourceTree = "<group>";
		};
		7C52CF511C73283C009EF975 /* PersistDataUITests */ = {
			isa = PBXGroup;
			children = (
				7C52CF521C73283C009EF975 /* PersistDataUITests.swift */,
				7C52CF541C73283C009EF975 /* Info.plist */,
			);
			path = PersistDataUITests;
			sourceTree = "<group>";
		};
		7C52CF601C732999009EF975 /* Data */ = {
			isa = PBXGroup;
			children = (
				7C52CF611C7329BB009EF975 /* Meal.swift */,
			);
			name = Data;
			sourceTree = "<group>";
		};
/* End PBXGroup section */

/* Begin PBXNativeTarget section */
		7C52CF2E1C73283B009EF975 /* PersistData */ = {
			isa = PBXNativeTarget;
			buildConfigurationList = 7C52CF571C73283C009EF975 /* Build configuration list for PBXNativeTarget "PersistData" */;
			buildPhases = (
				7C52CF2B1C73283B009EF975 /* Sources */,
				7C52CF2C1C73283B009EF975 /* Frameworks */,
				7C52CF2D1C73283B009EF975 /* Resources */,
			);
			buildRules = (
			);
			dependencies = (
			);
			name = PersistData;
			productName = PersistData;
			productReference = 7C52CF2F1C73283B009EF975 /* PersistData.app */;
			productType = "com.apple.product-type.application";
		};
		7C52CF421C73283C009EF975 /* PersistDataTests */ = {
			isa = PBXNativeTarget;
			buildConfigurationList = 7C52CF5A1C73283C009EF975 /* Build configuration list for PBXNativeTarget "PersistDataTests" */;
			buildPhases = (
				7C52CF3F1C73283C009EF975 /* Sources */,
				7C52CF401C73283C009EF975 /* Frameworks */,
				7C52CF411C73283C009EF975 /* Resources */,
			);
			buildRules = (
			);
			dependencies = (
				7C52CF451C73283C009EF975 /* PBXTargetDependency */,
			);
			name = PersistDataTests;
			productName = PersistDataTests;
			productReference = 7C52CF431C73283C009EF975 /* PersistDataTests.xctest */;
			productType = "com.apple.product-type.bundle.unit-test";
		};
		7C52CF4D1C73283C009EF975 /* PersistDataUITests */ = {
			isa = PBXNativeTarget;
			buildConfigurationList = 7C52CF5D1C73283C009EF975 /* Build configuration list for PBXNativeTarget "PersistDataUITests" */;
			buildPhases = (
				7C52CF4A1C73283C009EF975 /* Sources */,
				7C52CF4B1C73283C009EF975 /* Frameworks */,
				7C52CF4C1C73283C009EF975 /* Resources */,
			);
			buildRules = (
			);
			dependencies = (
				7C52CF501C73283C009EF975 /* PBXTargetDependency */,
			);
			name = PersistDataUITests;
			productName = PersistDataUITests;
			productReference = 7C52CF4E1C73283C009EF975 /* PersistDataUITests.xctest */;
			productType = "com.apple.product-type.bundle.ui-testing";
		};
/* End PBXNativeTarget section */

/* Begin PBXProject section */
		7C52CF271C73283B009EF975 /* Project object */ = {
			isa = PBXProject;
			attributes = {
				LastSwiftUpdateCheck = 0720;
				LastUpgradeCheck = 0720;
				ORGANIZATIONNAME = FanYu;
				TargetAttributes = {
					7C52CF2E1C73283B009EF975 = {
						CreatedOnToolsVersion = 7.2.1;
					};
					7C52CF421C73283C009EF975 = {
						CreatedOnToolsVersion = 7.2.1;
						TestTargetID = 7C52CF2E1C73283B009EF975;
					};
					7C52CF4D1C73283C009EF975 = {
						CreatedOnToolsVersion = 7.2.1;
						TestTargetID = 7C52CF2E1C73283B009EF975;
					};
				};
			};
			buildConfigurationList = 7C52CF2A1C73283B009EF975 /* Build configuration list for PBXProject "PersistData" */;
			compatibilityVersion = "Xcode 3.2";
			developmentRegion = English;
			hasScannedForEncodings = 0;
			knownRegions = (
				en,
				Base,
			);
			mainGroup = 7C52CF261C73283B009EF975;
			productRefGroup = 7C52CF301C73283B009EF975 /* Products */;
			projectDirPath = "";
			projectRoot = "";
			targets = (
				7C52CF2E1C73283B009EF975 /* PersistData */,
				7C52CF421C73283C009EF975 /* PersistDataTests */,
				7C52CF4D1C73283C009EF975 /* PersistDataUITests */,
			);
		};
/* End PBXProject section */

/* Begin PBXResourcesBuildPhase section */
		7C52CF2D1C73283B009EF975 /* Resources */ = {
			isa = PBXResourcesBuildPhase;
			buildActionMask = 2147483647;
			files = (
				7C52CF3D1C73283B009EF975 /* LaunchScreen.storyboard in Resources */,
				7C52CF3A1C73283B009EF975 /* Assets.xcassets in Resources */,
				7C52CF381C73283B009EF975 /* Main.storyboard in Resources */,
			);
			runOnlyForDeploymentPostprocessing = 0;
		};
		7C52CF411C73283C009EF975 /* Resources */ = {
			isa = PBXResourcesBuildPhase;
			buildActionMask = 2147483647;
			files = (
			);
			runOnlyForDeploymentPostprocessing = 0;
		};
		7C52CF4C1C73283C009EF975 /* Resources */ = {
			isa = PBXResourcesBuildPhase;
			buildActionMask = 2147483647;
			files = (
			);
			runOnlyForDeploymentPostprocessing = 0;
		};
/* End PBXResourcesBuildPhase section */

/* Begin PBXSourcesBuildPhase section */
		7C52CF2B1C73283B009EF975 /* Sources */ = {
			isa = PBXSourcesBuildPhase;
			buildActionMask = 2147483647;
			files = (
				7C52CF351C73283B009EF975 /* ViewController.swift in Sources */,
				7C52CF621C7329BB009EF975 /* Meal.swift in Sources */,
				7C52CF331C73283B009EF975 /* AppDelegate.swift in Sources */,
			);
			runOnlyForDeploymentPostprocessing = 0;
		};
		7C52CF3F1C73283C009EF975 /* Sources */ = {
			isa = PBXSourcesBuildPhase;
			buildActionMask = 2147483647;
			files = (
				7C52CF481C73283C009EF975 /* PersistDataTests.swift in Sources */,
			);
			runOnlyForDeploymentPostprocessing = 0;
		};
		7C52CF4A1C73283C009EF975 /* Sources */ = {
			isa = PBXSourcesBuildPhase;
			buildActionMask = 2147483647;
			files = (
				7C52CF531C73283C009EF975 /* PersistDataUITests.swift in Sources */,
			);
			runOnlyForDeploymentPostprocessing = 0;
		};
/* End PBXSourcesBuildPhase section */

/* Begin PBXTargetDependency section */
		7C52CF451C73283C009EF975 /* PBXTargetDependency */ = {
			isa = PBXTargetDependency;
			target = 7C52CF2E1C73283B009EF975 /* PersistData */;
			targetProxy = 7C52CF441C73283C009EF975 /* PBXContainerItemProxy */;
		};
		7C52CF501C73283C009EF975 /* PBXTargetDependency */ = {
			isa = PBXTargetDependency;
			target = 7C52CF2E1C73283B009EF975 /* PersistData */;
			targetProxy = 7C52CF4F1C73283C009EF975 /* PBXContainerItemProxy */;
		};
/* End PBXTargetDependency section */

/* Begin PBXVariantGroup section */
		7C52CF361C73283B009EF975 /* Main.storyboard */ = {
			isa = PBXVariantGroup;
			children = (
				7C52CF371C73283B009EF975 /* Base */,
			);
			name = Main.storyboard;
			sourceTree = "<group>";
		};
		7C52CF3B1C73283B009EF975 /* LaunchScreen.storyboard */ = {
			isa = PBXVariantGroup;
			children = (
				7C52CF3C1C73283B009EF975 /* Base */,
			);
			name = LaunchScreen.storyboard;
			sourceTree = "<group>";
		};
/* End PBXVariantGroup section */

/* Begin XCBuildConfiguration section */
		7C52CF551C73283C009EF975 /* Debug */ = {
			isa = XCBuildConfiguration;
			buildSettings = {
				ALWAYS_SEARCH_USER_PATHS = NO;
				CLANG_CXX_LANGUAGE_STANDARD = "gnu++0x";
				CLANG_CXX_LIBRARY = "libc++";
				CLANG_ENABLE_MODULES = YES;
				CLANG_ENABLE_OBJC_ARC = YES;
				CLANG_WARN_BOOL_CONVERSION = YES;
				CLANG_WARN_CONSTANT_CONVERSION = YES;
				CLANG_WARN_DIRECT_OBJC_ISA_USAGE = YES_ERROR;
				CLANG_WARN_EMPTY_BODY = YES;
				CLANG_WARN_ENUM_CONVERSION = YES;
				CLANG_WARN_INT_CONVERSION = YES;
				CLANG_WARN_OBJC_ROOT_CLASS = YES_ERROR;
				CLANG_WARN_UNREACHABLE_CODE = YES;
				CLANG_WARN__DUPLICATE_METHOD_MATCH = YES;
				"CODE_SIGN_IDENTITY[sdk=iphoneos*]" = "iPhone Developer";
				COPY_PHASE_STRIP = NO;
				DEBUG_INFORMATION_FORMAT = dwarf;
				ENABLE_STRICT_OBJC_MSGSEND = YES;
				ENABLE_TESTABILITY = YES;
				GCC_C_LANGUAGE_STANDARD = gnu99;
				GCC_DYNAMIC_NO_PIC = NO;
				GCC_NO_COMMON_BLOCKS = YES;
				GCC_OPTIMIZATION_LEVEL = 0;
				GCC_PREPROCESSOR_DEFINITIONS = (
					"DEBUG=1",
					"$(inherited)",
				);
				GCC_WARN_64_TO_32_BIT_CONVERSION = YES;
				GCC_WARN_ABOUT_RETURN_TYPE = YES_ERROR;
				GCC_WARN_UNDECLARED_SELECTOR = YES;
				GCC_WARN_UNINITIALIZED_AUTOS = YES_AGGRESSIVE;
				GCC_WARN_UNUSED_FUNCTION = YES;
				GCC_WARN_UNUSED_VARIABLE = YES;
				IPHONEOS_DEPLOYMENT_TARGET = 9.2;
				MTL_ENABLE_DEBUG_INFO = YES;
				ONLY_ACTIVE_ARCH = YES;
				SDKROOT = iphoneos;
				SWIFT_OPTIMIZATION_LEVEL = "-Onone";
				TARGETED_DEVICE_FAMILY = "1,2";
			};
			name = Debug;
		};
		7C52CF561C73283C009EF975 /* Release */ = {
			isa = XCBuildConfiguration;
			buildSettings = {
				ALWAYS_SEARCH_USER_PATHS = NO;
				CLANG_CXX_LANGUAGE_STANDARD = "gnu++0x";
				CLANG_CXX_LIBRARY = "libc++";
				CLANG_ENABLE_MODULES = YES;
				CLANG_ENABLE_OBJC_ARC = YES;
				CLANG_WARN_BOOL_CONVERSION = YES;
				CLANG_WARN_CONSTANT_CONVERSION = YES;
				CLANG_WARN_DIRECT_OBJC_ISA_USAGE = YES_ERROR;
				CLANG_WARN_EMPTY_BODY = YES;
				CLANG_WARN_ENUM_CONVERSION = YES;
				CLANG_WARN_INT_CONVERSION = YES;
				CLANG_WARN_OBJC_ROOT_CLASS = YES_ERROR;
				CLANG_WARN_UNREACHABLE_CODE = YES;
				CLANG_WARN__DUPLICATE_METHOD_MATCH = YES;
				"CODE_SIGN_IDENTITY[sdk=iphoneos*]" = "iPhone Developer";
				COPY_PHASE_STRIP = NO;
				DEBUG_INFORMATION_FORMAT = "dwarf-with-dsym";
				ENABLE_NS_ASSERTIONS = NO;
				ENABLE_STRICT_OBJC_MSGSEND = YES;
				GCC_C_LANGUAGE_STANDARD = gnu99;
				GCC_NO_COMMON_BLOCKS = YES;
				GCC_WARN_64_TO_32_BIT_CONVERSION = YES;
				GCC_WARN_ABOUT_RETURN_TYPE = YES_ERROR;
				GCC_WARN_UNDECLARED_SELECTOR = YES;
				GCC_WARN_UNINITIALIZED_AUTOS = YES_AGGRESSIVE;
				GCC_WARN_UNUSED_FUNCTION = YES;
				GCC_WARN_UNUSED_VARIABLE = YES;
				IPHONEOS_DEPLOYMENT_TARGET = 9.2;
				MTL_ENABLE_DEBUG_INFO = NO;
				SDKROOT = iphoneos;
				TARGETED_DEVICE_FAMILY = "1,2";
				VALIDATE_PRODUCT = YES;
			};
			name = Release;
		};
		7C52CF581C73283C009EF975 /* Debug */ = {
			isa = XCBuildConfiguration;
			buildSettings = {
				ASSETCATALOG_COMPILER_APPICON_NAME = AppIcon;
				INFOPLIST_FILE = PersistData/Info.plist;
				LD_RUNPATH_SEARCH_PATHS = "$(inherited) @executable_path/Frameworks";
				PRODUCT_BUNDLE_IDENTIFIER = FanYu.PersistData;
				PRODUCT_NAME = "$(TARGET_NAME)";
			};
			name = Debug;
		};
		7C52CF591C73283C009EF975 /* Release */ = {
			isa = XCBuildConfiguration;
			buildSettings = {
				ASSETCATALOG_COMPILER_APPICON_NAME = AppIcon;
				INFOPLIST_FILE = PersistData/Info.plist;
				LD_RUNPATH_SEARCH_PATHS = "$(inherited) @executable_path/Frameworks";
				PRODUCT_BUNDLE_IDENTIFIER = FanYu.PersistData;
				PRODUCT_NAME = "$(TARGET_NAME)";
			};
			name = Release;
		};
		7C52CF5B1C73283C009EF975 /* Debug */ = {
			isa = XCBuildConfiguration;
			buildSettings = {
				BUNDLE_LOADER = "$(TEST_HOST)";
				INFOPLIST_FILE = PersistDataTests/Info.plist;
				LD_RUNPATH_SEARCH_PATHS = "$(inherited) @executable_path/Frameworks @loader_path/Frameworks";
				PRODUCT_BUNDLE_IDENTIFIER = FanYu.PersistDataTests;
				PRODUCT_NAME = "$(TARGET_NAME)";
				TEST_HOST = "$(BUILT_PRODUCTS_DIR)/PersistData.app/PersistData";
			};
			name = Debug;
		};
		7C52CF5C1C73283C009EF975 /* Release */ = {
			isa = XCBuildConfiguration;
			buildSettings = {
				BUNDLE_LOADER = "$(TEST_HOST)";
				INFOPLIST_FILE = PersistDataTests/Info.plist;
				LD_RUNPATH_SEARCH_PATHS = "$(inherited) @executable_path/Frameworks @loader_path/Frameworks";
				PRODUCT_BUNDLE_IDENTIFIER = FanYu.PersistDataTests;
				PRODUCT_NAME = "$(TARGET_NAME)";
				TEST_HOST = "$(BUILT_PRODUCTS_DIR)/PersistData.app/PersistData";
			};
			name = Release;
		};
		7C52CF5E1C73283C009EF975 /* Debug */ = {
			isa = XCBuildConfiguration;
			buildSettings = {
				INFOPLIST_FILE = PersistDataUITests/Info.plist;
				LD_RUNPATH_SEARCH_PATHS = "$(inherited) @executable_path/Frameworks @loader_path/Frameworks";
				PRODUCT_BUNDLE_IDENTIFIER = FanYu.PersistDataUITests;
				PRODUCT_NAME = "$(TARGET_NAME)";
				TEST_TARGET_NAME = PersistData;
				USES_XCTRUNNER = YES;
			};
			name = Debug;
		};
		7C52CF5F1C73283C009EF975 /* Release */ = {
			isa = XCBuildConfiguration;
			buildSettings = {
				INFOPLIST_FILE = PersistDataUITests/Info.plist;
				LD_RUNPATH_SEARCH_PATHS = "$(inherited) @executable_path/Frameworks @loader_path/Frameworks";
				PRODUCT_BUNDLE_IDENTIFIER = FanYu.PersistDataUITests;
				PRODUCT_NAME = "$(TARGET_NAME)";
				TEST_TARGET_NAME = PersistData;
				USES_XCTRUNNER = YES;
			};
			name = Release;
		};
/* End XCBuildConfiguration section */

/* Begin XCConfigurationList section */
		7C52CF2A1C73283B009EF975 /* Build configuration list for PBXProject "PersistData" */ = {
			isa = XCConfigurationList;
			buildConfigurations = (
				7C52CF551C73283C009EF975 /* Debug */,
				7C52CF561C73283C009EF975 /* Release */,
			);
			defaultConfigurationIsVisible = 0;
			defaultConfigurationName = Release;
		};
		7C52CF571C73283C009EF975 /* Build configuration list for PBXNativeTarget "PersistData" */ = {
			isa = XCConfigurationList;
			buildConfigurations = (
				7C52CF581C73283C009EF975 /* Debug */,
				7C52CF591C73283C009EF975 /* Release */,
			);
			defaultConfigurationIsVisible = 0;
		};
		7C52CF5A1C73283C009EF975 /* Build configuration list for PBXNativeTarget "PersistDataTests" */ = {
			isa = XCConfigurationList;
			buildConfigurations = (
				7C52CF5B1C73283C009EF975 /* Debug */,
				7C52CF5C1C73283C009EF975 /* Release */,
			);
			defaultConfigurationIsVisible = 0;
		};
		7C52CF5D1C73283C009EF975 /* Build configuration list for PBXNativeTarget "PersistDataUITests" */ = {
			isa = XCConfigurationList;
			buildConfigurations = (
				7C52CF5E1C73283C009EF975 /* Debug */,
				7C52CF5F1C73283C009EF975 /* Release */,
			);
			defaultConfigurationIsVisible = 0;
		};
/* End XCConfigurationList section */
	};
	rootObject = 7C52CF271C73283B009EF975 /* Project object */;
}
